
Microsoft Visual Studio Solution File, Format Version 12.00
# Visual Studio 14
VisualStudioVersion = 14.0.25123.0
MinimumVisualStudioVersion = 10.0.40219.1
Project("{6141683F-8A12-4E36-9623-2EB02B2C2303}") = "CipherSec Setup", "CipherSec Setup\CipherSec Setup.isproj", "{830E1805-FBE4-407E-AD8D-EFA0DEF3D1D0}"
EndProject
Global
	GlobalSection(SolutionConfigurationPlatforms) = preSolution
		CD_ROM|Default = CD_ROM|Default
		DVD-5|Default = DVD-5|Default
		SingleImage|Default = SingleImage|Default
	EndGlobalSection
	GlobalSection(ProjectConfigurationPlatforms) = postSolution
		{830E1805-FBE4-407E-AD8D-EFA0DEF3D1D0}.CD_ROM|Default.ActiveCfg = CD_ROM
		{830E1805-FBE4-407E-AD8D-EFA0DEF3D1D0}.CD_ROM|Default.Build.0 = CD_ROM
		{830E1805-FBE4-407E-AD8D-EFA0DEF3D1D0}.DVD-5|Default.ActiveCfg = DVD-5
		{830E1805-FBE4-407E-AD8D-EFA0DEF3D1D0}.DVD-5|Default.Build.0 = DVD-5
		{830E1805-FBE4-407E-AD8D-EFA0DEF3D1D0}.SingleImage|Default.ActiveCfg = SingleImage
		{830E1805-FBE4-407E-AD8D-EFA0DEF3D1D0}.SingleImage|Default.Build.0 = SingleImage
	EndGlobalSection
	GlobalSection(SolutionProperties) = preSolution
		HideSolutionNode = FALSE
	EndGlobalSection
EndGlobal
